
Microsoft Visual Studio Solution File, Format Version 12.00
# Visual Studio Version 16
VisualStudioVersion = 16.0.30611.23
MinimumVisualStudioVersion = 10.0.40219.1
Project("{8BC9CEB8-8B4A-11D0-8D11-00A0C91BC942}") = "lab-01", "lab-01\lab-01.vcxproj", "{EE12FCFD-F536-4BDB-A626-AF9555BEF66A}"
EndProject
Project("{8BC9CEB8-8B4A-11D0-8D11-00A0C91BC942}") = "lab-02", "lab-02\lab-02.vcxproj", "{C7056311-B008-438A-A3AD-F9D68F4CD506}"
EndProject
Project("{8BC9CEB8-8B4A-11D0-8D11-00A0C91BC942}") = "lab-03", "lab-03\lab-03.vcxproj", "{077D00E2-A2A7-4BA3-8C95-04EDF9808CF2}"
EndProject
Project("{8BC9CEB8-8B4A-11D0-8D11-00A0C91BC942}") = "lab-04", "lab-04\lab-04.vcxproj", "{639646FD-AA31-4B5B-BB5A-15A88A4ABF7E}"
EndProject
Project("{8BC9CEB8-8B4A-11D0-8D11-00A0C91BC942}") = "lab-05", "lab-05\lab-05.vcxproj", "{1BC59105-9F63-402F-BCE3-B60062E5C03D}"
EndProject
Project("{8BC9CEB8-8B4A-11D0-8D11-00A0C91BC942}") = "lab-06", "lab-06\lab-06.vcxproj", "{D319C932-5C11-4FA3-AF8E-4F89B5511054}"
EndProject
Project("{8BC9CEB8-8B4A-11D0-8D11-00A0C91BC942}") = "lab-07", "lab-07\lab-07.vcxproj", "{5FCBE2BE-9B81-4B73-A503-4286B6A8939F}"
EndProject
Project("{8BC9CEB8-8B4A-11D0-8D11-00A0C91BC942}") = "lab-08", "lab-08\lab-08.vcxproj", "{FB9AA8BE-C547-4532-8DBD-AA9A4882936C}"
EndProject
Project("{8BC9CEB8-8B4A-11D0-8D11-00A0C91BC942}") = "lab-09", "lab-09\lab-09.vcxproj", "{008A99DA-A753-4715-BC60-3112A7910953}"
EndProject
Project("{8BC9CEB8-8B4A-11D0-8D11-00A0C91BC942}") = "lab-10", "lab-10\lab-10.vcxproj", "{F8232203-B13E-4427-8381-CD0D05D2F4FD}"
EndProject
Global
	GlobalSection(SolutionConfigurationPlatforms) = preSolution
		Debug|x64 = Debug|x64
		Debug|x86 = Debug|x86
		Release|x64 = Release|x64
		Release|x86 = Release|x86
	EndGlobalSection
	GlobalSection(ProjectConfigurationPlatforms) = postSolution
		{EE12FCFD-F536-4BDB-A626-AF9555BEF66A}.Debug|x64.ActiveCfg = Debug|x64
		{EE12FCFD-F536-4BDB-A626-AF9555BEF66A}.Debug|x64.Build.0 = Debug|x64
		{EE12FCFD-F536-4BDB-A626-AF9555BEF66A}.Debug|x86.ActiveCfg = Debug|Win32
		{EE12FCFD-F536-4BDB-A626-AF9555BEF66A}.Debug|x86.Build.0 = Debug|Win32
		{EE12FCFD-F536-4BDB-A626-AF9555BEF66A}.Release|x64.ActiveCfg = Release|x64
		{EE12FCFD-F536-4BDB-A626-AF9555BEF66A}.Release|x64.Build.0 = Release|x64
		{EE12FCFD-F536-4BDB-A626-AF9555BEF66A}.Release|x86.ActiveCfg = Release|Win32
		{EE12FCFD-F536-4BDB-A626-AF9555BEF66A}.Release|x86.Build.0 = Release|Win32
		{C7056311-B008-438A-A3AD-F9D68F4CD506}.Debug|x64.ActiveCfg = Debug|x64
		{C7056311-B008-438A-A3AD-F9D68F4CD506}.Debug|x64.Build.0 = Debug|x64
		{C7056311-B008-438A-A3AD-F9D68F4CD506}.Debug|x86.ActiveCfg = Debug|Win32
		{C7056311-B008-438A-A3AD-F9D68F4CD506}.Debug|x86.Build.0 = Debug|Win32
		{C7056311-B008-438A-A3AD-F9D68F4CD506}.Release|x64.ActiveCfg = Release|x64
		{C7056311-B008-438A-A3AD-F9D68F4CD506}.Release|x64.Build.0 = Release|x64
		{C7056311-B008-438A-A3AD-F9D68F4CD506}.Release|x86.ActiveCfg = Release|Win32
		{C7056311-B008-438A-A3AD-F9D68F4CD506}.Release|x86.Build.0 = Release|Win32
		{077D00E2-A2A7-4BA3-8C95-04EDF9808CF2}.Debug|x64.ActiveCfg = Debug|x64
		{077D00E2-A2A7-4BA3-8C95-04EDF9808CF2}.Debug|x64.Build.0 = Debug|x64
		{077D00E2-A2A7-4BA3-8C95-04EDF9808CF2}.Debug|x86.ActiveCfg = Debug|Win32
		{077D00E2-A2A7-4BA3-8C95-04EDF9808CF2}.Debug|x86.Build.0 = Debug|Win32
		{077D00E2-A2A7-4BA3-8C95-04EDF9808CF2}.Release|x64.ActiveCfg = Release|x64
		{077D00E2-A2A7-4BA3-8C95-04EDF9808CF2}.Release|x64.Build.0 = Release|x64
		{077D00E2-A2A7-4BA3-8C95-04EDF9808CF2}.Release|x86.ActiveCfg = Release|Win32
		{077D00E2-A2A7-4BA3-8C95-04EDF9808CF2}.Release|x86.Build.0 = Release|Win32
		{639646FD-AA31-4B5B-BB5A-15A88A4ABF7E}.Debug|x64.ActiveCfg = Debug|x64
		{639646FD-AA31-4B5B-BB5A-15A88A4ABF7E}.Debug|x64.Build.0 = Debug|x64
		{639646FD-AA31-4B5B-BB5A-15A88A4ABF7E}.Debug|x86.ActiveCfg = Debug|Win32
		{639646FD-AA31-4B5B-BB5A-15A88A4ABF7E}.Debug|x86.Build.0 = Debug|Win32
		{639646FD-AA31-4B5B-BB5A-15A88A4ABF7E}.Release|x64.ActiveCfg = Release|x64
		{639646FD-AA31-4B5B-BB5A-15A88A4ABF7E}.Release|x64.Build.0 = Release|x64
		{639646FD-AA31-4B5B-BB5A-15A88A4ABF7E}.Release|x86.ActiveCfg = Release|Win32
		{639646FD-AA31-4B5B-BB5A-15A88A4ABF7E}.Release|x86.Build.0 = Release|Win32
		{1BC59105-9F63-402F-BCE3-B60062E5C03D}.Debug|x64.ActiveCfg = Debug|x64
		{1BC59105-9F63-402F-BCE3-B60062E5C03D}.Debug|x64.Build.0 = Debug|x64
		{1BC59105-9F63-402F-BCE3-B60062E5C03D}.Debug|x86.ActiveCfg = Debug|Win32
		{1BC59105-9F63-402F-BCE3-B60062E5C03D}.Debug|x86.Build.0 = Debug|Win32
		{1BC59105-9F63-402F-BCE3-B60062E5C03D}.Release|x64.ActiveCfg = Release|x64
		{1BC59105-9F63-402F-BCE3-B60062E5C03D}.Release|x64.Build.0 = Release|x64
		{1BC59105-9F63-402F-BCE3-B60062E5C03D}.Release|x86.ActiveCfg = Release|Win32
		{1BC59105-9F63-402F-BCE3-B60062E5C03D}.Release|x86.Build.0 = Release|Win32
		{D319C932-5C11-4FA3-AF8E-4F89B5511054}.Debug|x64.ActiveCfg = Debug|x64
		{D319C932-5C11-4FA3-AF8E-4F89B5511054}.Debug|x64.Build.0 = Debug|x64
		{D319C932-5C11-4FA3-AF8E-4F89B5511054}.Debug|x86.ActiveCfg = Debug|Win32
		{D319C932-5C11-4FA3-AF8E-4F89B5511054}.Debug|x86.Build.0 = Debug|Win32
		{D319C932-5C11-4FA3-AF8E-4F89B5511054}.Release|x64.ActiveCfg = Release|x64
		{D319C932-5C11-4FA3-AF8E-4F89B5511054}.Release|x64.Build.0 = Release|x64
		{D319C932-5C11-4FA3-AF8E-4F89B5511054}.Release|x86.ActiveCfg = Release|Win32
		{D319C932-5C11-4FA3-AF8E-4F89B5511054}.Release|x86.Build.0 = Release|Win32
		{5FCBE2BE-9B81-4B73-A503-4286B6A8939F}.Debug|x64.ActiveCfg = Debug|x64
		{5FCBE2BE-9B81-4B73-A503-4286B6A8939F}.Debug|x64.Build.0 = Debug|x64
		{5FCBE2BE-9B81-4B73-A503-4286B6A8939F}.Debug|x86.ActiveCfg = Debug|Win32
		{5FCBE2BE-9B81-4B73-A503-4286B6A8939F}.Debug|x86.Build.0 = Debug|Win32
		{5FCBE2BE-9B81-4B73-A503-4286B6A8939F}.Release|x64.ActiveCfg = Release|x64
		{5FCBE2BE-9B81-4B73-A503-4286B6A8939F}.Release|x64.Build.0 = Release|x64
		{5FCBE2BE-9B81-4B73-A503-4286B6A8939F}.Release|x86.ActiveCfg = Release|Win32
		{5FCBE2BE-9B81-4B73-A503-4286B6A8939F}.Release|x86.Build.0 = Release|Win32
		{FB9AA8BE-C547-4532-8DBD-AA9A4882936C}.Debug|x64.ActiveCfg = Debug|x64
		{FB9AA8BE-C547-4532-8DBD-AA9A4882936C}.Debug|x64.Build.0 = Debug|x64
		{FB9AA8BE-C547-4532-8DBD-AA9A4882936C}.Debug|x86.ActiveCfg = Debug|Win32
		{FB9AA8BE-C547-4532-8DBD-AA9A4882936C}.Debug|x86.Build.0 = Debug|Win32
		{FB9AA8BE-C547-4532-8DBD-AA9A4882936C}.Release|x64.ActiveCfg = Release|x64
		{FB9AA8BE-C547-4532-8DBD-AA9A4882936C}.Release|x64.Build.0 = Release|x64
		{FB9AA8BE-C547-4532-8DBD-AA9A4882936C}.Release|x86.ActiveCfg = Release|Win32
		{FB9AA8BE-C547-4532-8DBD-AA9A4882936C}.Release|x86.Build.0 = Release|Win32
		{008A99DA-A753-4715-BC60-3112A7910953}.Debug|x64.ActiveCfg = Debug|x64
		{008A99DA-A753-4715-BC60-3112A7910953}.Debug|x64.Build.0 = Debug|x64
		{008A99DA-A753-4715-BC60-3112A7910953}.Debug|x86.ActiveCfg = Debug|Win32
		{008A99DA-A753-4715-BC60-3112A7910953}.Debug|x86.Build.0 = Debug|Win32
		{008A99DA-A753-4715-BC60-3112A7910953}.Release|x64.ActiveCfg = Release|x64
		{008A99DA-A753-4715-BC60-3112A7910953}.Release|x64.Build.0 = Release|x64
		{008A99DA-A753-4715-BC60-3112A7910953}.Release|x86.ActiveCfg = Release|Win32
		{008A99DA-A753-4715-BC60-3112A7910953}.Release|x86.Build.0 = Release|Win32
		{F8232203-B13E-4427-8381-CD0D05D2F4FD}.Debug|x64.ActiveCfg = Debug|x64
		{F8232203-B13E-4427-8381-CD0D05D2F4FD}.Debug|x64.Build.0 = Debug|x64
		{F8232203-B13E-4427-8381-CD0D05D2F4FD}.Debug|x86.ActiveCfg = Debug|Win32
		{F8232203-B13E-4427-8381-CD0D05D2F4FD}.Debug|x86.Build.0 = Debug|Win32
		{F8232203-B13E-4427-8381-CD0D05D2F4FD}.Release|x64.ActiveCfg = Release|x64
		{F8232203-B13E-4427-8381-CD0D05D2F4FD}.Release|x64.Build.0 = Release|x64
		{F8232203-B13E-4427-8381-CD0D05D2F4FD}.Release|x86.ActiveCfg = Release|Win32
		{F8232203-B13E-4427-8381-CD0D05D2F4FD}.Release|x86.Build.0 = Release|Win32
	EndGlobalSection
	GlobalSection(SolutionProperties) = preSolution
		HideSolutionNode = FALSE
	EndGlobalSection
	GlobalSection(ExtensibilityGlobals) = postSolution
		SolutionGuid = {83804CF4-3E9A-4A17-ABA6-17A5AF7FAC97}
	EndGlobalSection
EndGlobal
