
Microsoft Visual Studio Solution File, Format Version 12.00
# Visual Studio Version 16
VisualStudioVersion = 16.0.30611.23
MinimumVisualStudioVersion = 10.0.40219.1
Project("{8BC9CEB8-8B4A-11D0-8D11-00A0C91BC942}") = "main", "main\main.vcxproj", "{6B0A163F-65D4-49FC-845A-F5F74D511635}"
EndProject
Global
	GlobalSection(SolutionConfigurationPlatforms) = preSolution
		Debug|x64 = Debug|x64
		Debug|x86 = Debug|x86
		Release|x64 = Release|x64
		Release|x86 = Release|x86
	EndGlobalSection
	GlobalSection(ProjectConfigurationPlatforms) = postSolution
		{6B0A163F-65D4-49FC-845A-F5F74D511635}.Debug|x64.ActiveCfg = Debug|x64
		{6B0A163F-65D4-49FC-845A-F5F74D511635}.Debug|x64.Build.0 = Debug|x64
		{6B0A163F-65D4-49FC-845A-F5F74D511635}.Debug|x86.ActiveCfg = Debug|Win32
		{6B0A163F-65D4-49FC-845A-F5F74D511635}.Debug|x86.Build.0 = Debug|Win32
		{6B0A163F-65D4-49FC-845A-F5F74D511635}.Release|x64.ActiveCfg = Release|x64
		{6B0A163F-65D4-49FC-845A-F5F74D511635}.Release|x64.Build.0 = Release|x64
		{6B0A163F-65D4-49FC-845A-F5F74D511635}.Release|x86.ActiveCfg = Release|Win32
		{6B0A163F-65D4-49FC-845A-F5F74D511635}.Release|x86.Build.0 = Release|Win32
	EndGlobalSection
	GlobalSection(SolutionProperties) = preSolution
		HideSolutionNode = FALSE
	EndGlobalSection
	GlobalSection(ExtensibilityGlobals) = postSolution
		SolutionGuid = {AB70DCA4-E141-4DF6-B282-86D909F4A895}
	EndGlobalSection
EndGlobal
