
Microsoft Visual Studio Solution File, Format Version 12.00
# Visual Studio Version 16
VisualStudioVersion = 16.0.30611.23
MinimumVisualStudioVersion = 10.0.40219.1
Project("{8BC9CEB8-8B4A-11D0-8D11-00A0C91BC942}") = "Task1", "Task1\Task1.vcxproj", "{318618BE-9F1D-4F1C-9C05-0C32DCB8F6F6}"
EndProject
Project("{8BC9CEB8-8B4A-11D0-8D11-00A0C91BC942}") = "2", "2\2.vcxproj", "{6138868F-4720-4354-91A6-C073F0849C3C}"
EndProject
Project("{8BC9CEB8-8B4A-11D0-8D11-00A0C91BC942}") = "3", "3\3.vcxproj", "{03D11FB0-0DEC-4024-AE39-C50CB0BA06E7}"
EndProject
Project("{8BC9CEB8-8B4A-11D0-8D11-00A0C91BC942}") = "4", "4\4.vcxproj", "{D81EE465-61FC-47A3-A520-1BDF870500BC}"
EndProject
Project("{8BC9CEB8-8B4A-11D0-8D11-00A0C91BC942}") = "5", "5\5.vcxproj", "{9F50A757-3BE0-4C29-8FD0-1E15E3328796}"
EndProject
Project("{8BC9CEB8-8B4A-11D0-8D11-00A0C91BC942}") = "6", "6\6.vcxproj", "{10616C4F-E969-472A-BE11-E92A3CA75920}"
EndProject
Project("{8BC9CEB8-8B4A-11D0-8D11-00A0C91BC942}") = "7", "7\7.vcxproj", "{152D9782-E52B-4483-B3B1-658B117CFF4C}"
EndProject
Project("{8BC9CEB8-8B4A-11D0-8D11-00A0C91BC942}") = "8", "8\8.vcxproj", "{96CBB405-A00F-4A9F-B45E-11510C770C50}"
EndProject
Project("{8BC9CEB8-8B4A-11D0-8D11-00A0C91BC942}") = "9", "9\9.vcxproj", "{CAD4801E-2015-4E23-9B32-2F628AA378DF}"
EndProject
Global
	GlobalSection(SolutionConfigurationPlatforms) = preSolution
		Debug|x64 = Debug|x64
		Debug|x86 = Debug|x86
		Release|x64 = Release|x64
		Release|x86 = Release|x86
	EndGlobalSection
	GlobalSection(ProjectConfigurationPlatforms) = postSolution
		{318618BE-9F1D-4F1C-9C05-0C32DCB8F6F6}.Debug|x64.ActiveCfg = Debug|x64
		{318618BE-9F1D-4F1C-9C05-0C32DCB8F6F6}.Debug|x64.Build.0 = Debug|x64
		{318618BE-9F1D-4F1C-9C05-0C32DCB8F6F6}.Debug|x86.ActiveCfg = Debug|Win32
		{318618BE-9F1D-4F1C-9C05-0C32DCB8F6F6}.Debug|x86.Build.0 = Debug|Win32
		{318618BE-9F1D-4F1C-9C05-0C32DCB8F6F6}.Release|x64.ActiveCfg = Release|x64
		{318618BE-9F1D-4F1C-9C05-0C32DCB8F6F6}.Release|x64.Build.0 = Release|x64
		{318618BE-9F1D-4F1C-9C05-0C32DCB8F6F6}.Release|x86.ActiveCfg = Release|Win32
		{318618BE-9F1D-4F1C-9C05-0C32DCB8F6F6}.Release|x86.Build.0 = Release|Win32
		{6138868F-4720-4354-91A6-C073F0849C3C}.Debug|x64.ActiveCfg = Debug|x64
		{6138868F-4720-4354-91A6-C073F0849C3C}.Debug|x64.Build.0 = Debug|x64
		{6138868F-4720-4354-91A6-C073F0849C3C}.Debug|x86.ActiveCfg = Debug|Win32
		{6138868F-4720-4354-91A6-C073F0849C3C}.Debug|x86.Build.0 = Debug|Win32
		{6138868F-4720-4354-91A6-C073F0849C3C}.Release|x64.ActiveCfg = Release|x64
		{6138868F-4720-4354-91A6-C073F0849C3C}.Release|x64.Build.0 = Release|x64
		{6138868F-4720-4354-91A6-C073F0849C3C}.Release|x86.ActiveCfg = Release|Win32
		{6138868F-4720-4354-91A6-C073F0849C3C}.Release|x86.Build.0 = Release|Win32
		{03D11FB0-0DEC-4024-AE39-C50CB0BA06E7}.Debug|x64.ActiveCfg = Debug|x64
		{03D11FB0-0DEC-4024-AE39-C50CB0BA06E7}.Debug|x64.Build.0 = Debug|x64
		{03D11FB0-0DEC-4024-AE39-C50CB0BA06E7}.Debug|x86.ActiveCfg = Debug|Win32
		{03D11FB0-0DEC-4024-AE39-C50CB0BA06E7}.Debug|x86.Build.0 = Debug|Win32
		{03D11FB0-0DEC-4024-AE39-C50CB0BA06E7}.Release|x64.ActiveCfg = Release|x64
		{03D11FB0-0DEC-4024-AE39-C50CB0BA06E7}.Release|x64.Build.0 = Release|x64
		{03D11FB0-0DEC-4024-AE39-C50CB0BA06E7}.Release|x86.ActiveCfg = Release|Win32
		{03D11FB0-0DEC-4024-AE39-C50CB0BA06E7}.Release|x86.Build.0 = Release|Win32
		{D81EE465-61FC-47A3-A520-1BDF870500BC}.Debug|x64.ActiveCfg = Debug|x64
		{D81EE465-61FC-47A3-A520-1BDF870500BC}.Debug|x64.Build.0 = Debug|x64
		{D81EE465-61FC-47A3-A520-1BDF870500BC}.Debug|x86.ActiveCfg = Debug|Win32
		{D81EE465-61FC-47A3-A520-1BDF870500BC}.Debug|x86.Build.0 = Debug|Win32
		{D81EE465-61FC-47A3-A520-1BDF870500BC}.Release|x64.ActiveCfg = Release|x64
		{D81EE465-61FC-47A3-A520-1BDF870500BC}.Release|x64.Build.0 = Release|x64
		{D81EE465-61FC-47A3-A520-1BDF870500BC}.Release|x86.ActiveCfg = Release|Win32
		{D81EE465-61FC-47A3-A520-1BDF870500BC}.Release|x86.Build.0 = Release|Win32
		{9F50A757-3BE0-4C29-8FD0-1E15E3328796}.Debug|x64.ActiveCfg = Debug|x64
		{9F50A757-3BE0-4C29-8FD0-1E15E3328796}.Debug|x64.Build.0 = Debug|x64
		{9F50A757-3BE0-4C29-8FD0-1E15E3328796}.Debug|x86.ActiveCfg = Debug|Win32
		{9F50A757-3BE0-4C29-8FD0-1E15E3328796}.Debug|x86.Build.0 = Debug|Win32
		{9F50A757-3BE0-4C29-8FD0-1E15E3328796}.Release|x64.ActiveCfg = Release|x64
		{9F50A757-3BE0-4C29-8FD0-1E15E3328796}.Release|x64.Build.0 = Release|x64
		{9F50A757-3BE0-4C29-8FD0-1E15E3328796}.Release|x86.ActiveCfg = Release|Win32
		{9F50A757-3BE0-4C29-8FD0-1E15E3328796}.Release|x86.Build.0 = Release|Win32
		{10616C4F-E969-472A-BE11-E92A3CA75920}.Debug|x64.ActiveCfg = Debug|x64
		{10616C4F-E969-472A-BE11-E92A3CA75920}.Debug|x64.Build.0 = Debug|x64
		{10616C4F-E969-472A-BE11-E92A3CA75920}.Debug|x86.ActiveCfg = Debug|Win32
		{10616C4F-E969-472A-BE11-E92A3CA75920}.Debug|x86.Build.0 = Debug|Win32
		{10616C4F-E969-472A-BE11-E92A3CA75920}.Release|x64.ActiveCfg = Release|x64
		{10616C4F-E969-472A-BE11-E92A3CA75920}.Release|x64.Build.0 = Release|x64
		{10616C4F-E969-472A-BE11-E92A3CA75920}.Release|x86.ActiveCfg = Release|Win32
		{10616C4F-E969-472A-BE11-E92A3CA75920}.Release|x86.Build.0 = Release|Win32
		{152D9782-E52B-4483-B3B1-658B117CFF4C}.Debug|x64.ActiveCfg = Debug|x64
		{152D9782-E52B-4483-B3B1-658B117CFF4C}.Debug|x64.Build.0 = Debug|x64
		{152D9782-E52B-4483-B3B1-658B117CFF4C}.Debug|x86.ActiveCfg = Debug|Win32
		{152D9782-E52B-4483-B3B1-658B117CFF4C}.Debug|x86.Build.0 = Debug|Win32
		{152D9782-E52B-4483-B3B1-658B117CFF4C}.Release|x64.ActiveCfg = Release|x64
		{152D9782-E52B-4483-B3B1-658B117CFF4C}.Release|x64.Build.0 = Release|x64
		{152D9782-E52B-4483-B3B1-658B117CFF4C}.Release|x86.ActiveCfg = Release|Win32
		{152D9782-E52B-4483-B3B1-658B117CFF4C}.Release|x86.Build.0 = Release|Win32
		{96CBB405-A00F-4A9F-B45E-11510C770C50}.Debug|x64.ActiveCfg = Debug|x64
		{96CBB405-A00F-4A9F-B45E-11510C770C50}.Debug|x64.Build.0 = Debug|x64
		{96CBB405-A00F-4A9F-B45E-11510C770C50}.Debug|x86.ActiveCfg = Debug|Win32
		{96CBB405-A00F-4A9F-B45E-11510C770C50}.Debug|x86.Build.0 = Debug|Win32
		{96CBB405-A00F-4A9F-B45E-11510C770C50}.Release|x64.ActiveCfg = Release|x64
		{96CBB405-A00F-4A9F-B45E-11510C770C50}.Release|x64.Build.0 = Release|x64
		{96CBB405-A00F-4A9F-B45E-11510C770C50}.Release|x86.ActiveCfg = Release|Win32
		{96CBB405-A00F-4A9F-B45E-11510C770C50}.Release|x86.Build.0 = Release|Win32
		{CAD4801E-2015-4E23-9B32-2F628AA378DF}.Debug|x64.ActiveCfg = Debug|x64
		{CAD4801E-2015-4E23-9B32-2F628AA378DF}.Debug|x64.Build.0 = Debug|x64
		{CAD4801E-2015-4E23-9B32-2F628AA378DF}.Debug|x86.ActiveCfg = Debug|Win32
		{CAD4801E-2015-4E23-9B32-2F628AA378DF}.Debug|x86.Build.0 = Debug|Win32
		{CAD4801E-2015-4E23-9B32-2F628AA378DF}.Release|x64.ActiveCfg = Release|x64
		{CAD4801E-2015-4E23-9B32-2F628AA378DF}.Release|x64.Build.0 = Release|x64
		{CAD4801E-2015-4E23-9B32-2F628AA378DF}.Release|x86.ActiveCfg = Release|Win32
		{CAD4801E-2015-4E23-9B32-2F628AA378DF}.Release|x86.Build.0 = Release|Win32
	EndGlobalSection
	GlobalSection(SolutionProperties) = preSolution
		HideSolutionNode = FALSE
	EndGlobalSection
	GlobalSection(ExtensibilityGlobals) = postSolution
		SolutionGuid = {A3704D43-593A-4DA6-AFFC-A1A2FA63420C}
	EndGlobalSection
EndGlobal
