
Microsoft Visual Studio Solution File, Format Version 12.00
# Visual Studio Version 16
VisualStudioVersion = 16.0.30611.23
MinimumVisualStudioVersion = 10.0.40219.1
Project("{8BC9CEB8-8B4A-11D0-8D11-00A0C91BC942}") = "01", "01\01.vcxproj", "{C51781D5-252D-4F5F-8E50-059ECD7FDBB8}"
EndProject
Project("{8BC9CEB8-8B4A-11D0-8D11-00A0C91BC942}") = "02", "02\02.vcxproj", "{D962860A-C796-43F2-AFD3-38BC3728DB9B}"
EndProject
Project("{8BC9CEB8-8B4A-11D0-8D11-00A0C91BC942}") = "03", "03\03.vcxproj", "{70F89C37-4125-4214-859B-65CDF1639C9C}"
EndProject
Project("{8BC9CEB8-8B4A-11D0-8D11-00A0C91BC942}") = "04", "04\04.vcxproj", "{06274169-3636-4684-9238-6C687DE2B437}"
EndProject
Project("{8BC9CEB8-8B4A-11D0-8D11-00A0C91BC942}") = "05", "05\05.vcxproj", "{48731176-B77D-4952-B16E-D64D22F93642}"
EndProject
Project("{8BC9CEB8-8B4A-11D0-8D11-00A0C91BC942}") = "06", "06\06.vcxproj", "{49808FCF-3004-4270-AF01-3C8C49F093E5}"
EndProject
Project("{8BC9CEB8-8B4A-11D0-8D11-00A0C91BC942}") = "07", "07\07.vcxproj", "{FC6324C4-8DCF-4514-8504-0EDCDF77FB05}"
EndProject
Project("{8BC9CEB8-8B4A-11D0-8D11-00A0C91BC942}") = "08", "08\08.vcxproj", "{080ADC84-2D36-41B0-91A7-5979DA15988D}"
EndProject
Global
	GlobalSection(SolutionConfigurationPlatforms) = preSolution
		Debug|x64 = Debug|x64
		Debug|x86 = Debug|x86
		Release|x64 = Release|x64
		Release|x86 = Release|x86
	EndGlobalSection
	GlobalSection(ProjectConfigurationPlatforms) = postSolution
		{C51781D5-252D-4F5F-8E50-059ECD7FDBB8}.Debug|x64.ActiveCfg = Debug|x64
		{C51781D5-252D-4F5F-8E50-059ECD7FDBB8}.Debug|x64.Build.0 = Debug|x64
		{C51781D5-252D-4F5F-8E50-059ECD7FDBB8}.Debug|x86.ActiveCfg = Debug|Win32
		{C51781D5-252D-4F5F-8E50-059ECD7FDBB8}.Debug|x86.Build.0 = Debug|Win32
		{C51781D5-252D-4F5F-8E50-059ECD7FDBB8}.Release|x64.ActiveCfg = Release|x64
		{C51781D5-252D-4F5F-8E50-059ECD7FDBB8}.Release|x64.Build.0 = Release|x64
		{C51781D5-252D-4F5F-8E50-059ECD7FDBB8}.Release|x86.ActiveCfg = Release|Win32
		{C51781D5-252D-4F5F-8E50-059ECD7FDBB8}.Release|x86.Build.0 = Release|Win32
		{D962860A-C796-43F2-AFD3-38BC3728DB9B}.Debug|x64.ActiveCfg = Debug|x64
		{D962860A-C796-43F2-AFD3-38BC3728DB9B}.Debug|x64.Build.0 = Debug|x64
		{D962860A-C796-43F2-AFD3-38BC3728DB9B}.Debug|x86.ActiveCfg = Debug|Win32
		{D962860A-C796-43F2-AFD3-38BC3728DB9B}.Debug|x86.Build.0 = Debug|Win32
		{D962860A-C796-43F2-AFD3-38BC3728DB9B}.Release|x64.ActiveCfg = Release|x64
		{D962860A-C796-43F2-AFD3-38BC3728DB9B}.Release|x64.Build.0 = Release|x64
		{D962860A-C796-43F2-AFD3-38BC3728DB9B}.Release|x86.ActiveCfg = Release|Win32
		{D962860A-C796-43F2-AFD3-38BC3728DB9B}.Release|x86.Build.0 = Release|Win32
		{70F89C37-4125-4214-859B-65CDF1639C9C}.Debug|x64.ActiveCfg = Debug|x64
		{70F89C37-4125-4214-859B-65CDF1639C9C}.Debug|x64.Build.0 = Debug|x64
		{70F89C37-4125-4214-859B-65CDF1639C9C}.Debug|x86.ActiveCfg = Debug|Win32
		{70F89C37-4125-4214-859B-65CDF1639C9C}.Debug|x86.Build.0 = Debug|Win32
		{70F89C37-4125-4214-859B-65CDF1639C9C}.Release|x64.ActiveCfg = Release|x64
		{70F89C37-4125-4214-859B-65CDF1639C9C}.Release|x64.Build.0 = Release|x64
		{70F89C37-4125-4214-859B-65CDF1639C9C}.Release|x86.ActiveCfg = Release|Win32
		{70F89C37-4125-4214-859B-65CDF1639C9C}.Release|x86.Build.0 = Release|Win32
		{06274169-3636-4684-9238-6C687DE2B437}.Debug|x64.ActiveCfg = Debug|x64
		{06274169-3636-4684-9238-6C687DE2B437}.Debug|x64.Build.0 = Debug|x64
		{06274169-3636-4684-9238-6C687DE2B437}.Debug|x86.ActiveCfg = Debug|Win32
		{06274169-3636-4684-9238-6C687DE2B437}.Debug|x86.Build.0 = Debug|Win32
		{06274169-3636-4684-9238-6C687DE2B437}.Release|x64.ActiveCfg = Release|x64
		{06274169-3636-4684-9238-6C687DE2B437}.Release|x64.Build.0 = Release|x64
		{06274169-3636-4684-9238-6C687DE2B437}.Release|x86.ActiveCfg = Release|Win32
		{06274169-3636-4684-9238-6C687DE2B437}.Release|x86.Build.0 = Release|Win32
		{48731176-B77D-4952-B16E-D64D22F93642}.Debug|x64.ActiveCfg = Debug|x64
		{48731176-B77D-4952-B16E-D64D22F93642}.Debug|x64.Build.0 = Debug|x64
		{48731176-B77D-4952-B16E-D64D22F93642}.Debug|x86.ActiveCfg = Debug|Win32
		{48731176-B77D-4952-B16E-D64D22F93642}.Debug|x86.Build.0 = Debug|Win32
		{48731176-B77D-4952-B16E-D64D22F93642}.Release|x64.ActiveCfg = Release|x64
		{48731176-B77D-4952-B16E-D64D22F93642}.Release|x64.Build.0 = Release|x64
		{48731176-B77D-4952-B16E-D64D22F93642}.Release|x86.ActiveCfg = Release|Win32
		{48731176-B77D-4952-B16E-D64D22F93642}.Release|x86.Build.0 = Release|Win32
		{49808FCF-3004-4270-AF01-3C8C49F093E5}.Debug|x64.ActiveCfg = Debug|x64
		{49808FCF-3004-4270-AF01-3C8C49F093E5}.Debug|x64.Build.0 = Debug|x64
		{49808FCF-3004-4270-AF01-3C8C49F093E5}.Debug|x86.ActiveCfg = Debug|Win32
		{49808FCF-3004-4270-AF01-3C8C49F093E5}.Debug|x86.Build.0 = Debug|Win32
		{49808FCF-3004-4270-AF01-3C8C49F093E5}.Release|x64.ActiveCfg = Release|x64
		{49808FCF-3004-4270-AF01-3C8C49F093E5}.Release|x64.Build.0 = Release|x64
		{49808FCF-3004-4270-AF01-3C8C49F093E5}.Release|x86.ActiveCfg = Release|Win32
		{49808FCF-3004-4270-AF01-3C8C49F093E5}.Release|x86.Build.0 = Release|Win32
		{FC6324C4-8DCF-4514-8504-0EDCDF77FB05}.Debug|x64.ActiveCfg = Debug|x64
		{FC6324C4-8DCF-4514-8504-0EDCDF77FB05}.Debug|x64.Build.0 = Debug|x64
		{FC6324C4-8DCF-4514-8504-0EDCDF77FB05}.Debug|x86.ActiveCfg = Debug|Win32
		{FC6324C4-8DCF-4514-8504-0EDCDF77FB05}.Debug|x86.Build.0 = Debug|Win32
		{FC6324C4-8DCF-4514-8504-0EDCDF77FB05}.Release|x64.ActiveCfg = Release|x64
		{FC6324C4-8DCF-4514-8504-0EDCDF77FB05}.Release|x64.Build.0 = Release|x64
		{FC6324C4-8DCF-4514-8504-0EDCDF77FB05}.Release|x86.ActiveCfg = Release|Win32
		{FC6324C4-8DCF-4514-8504-0EDCDF77FB05}.Release|x86.Build.0 = Release|Win32
		{080ADC84-2D36-41B0-91A7-5979DA15988D}.Debug|x64.ActiveCfg = Debug|x64
		{080ADC84-2D36-41B0-91A7-5979DA15988D}.Debug|x64.Build.0 = Debug|x64
		{080ADC84-2D36-41B0-91A7-5979DA15988D}.Debug|x86.ActiveCfg = Debug|Win32
		{080ADC84-2D36-41B0-91A7-5979DA15988D}.Debug|x86.Build.0 = Debug|Win32
		{080ADC84-2D36-41B0-91A7-5979DA15988D}.Release|x64.ActiveCfg = Release|x64
		{080ADC84-2D36-41B0-91A7-5979DA15988D}.Release|x64.Build.0 = Release|x64
		{080ADC84-2D36-41B0-91A7-5979DA15988D}.Release|x86.ActiveCfg = Release|Win32
		{080ADC84-2D36-41B0-91A7-5979DA15988D}.Release|x86.Build.0 = Release|Win32
	EndGlobalSection
	GlobalSection(SolutionProperties) = preSolution
		HideSolutionNode = FALSE
	EndGlobalSection
	GlobalSection(ExtensibilityGlobals) = postSolution
		SolutionGuid = {F980B6AB-319B-4408-81A6-F2A1B2047576}
	EndGlobalSection
EndGlobal
