
Microsoft Visual Studio Solution File, Format Version 12.00
# Visual Studio Version 16
VisualStudioVersion = 16.0.30611.23
MinimumVisualStudioVersion = 10.0.40219.1
Project("{8BC9CEB8-8B4A-11D0-8D11-00A0C91BC942}") = "01", "01\01.vcxproj", "{DE0E27C1-DCCE-41C3-B768-A44A83EFC7D4}"
EndProject
Project("{8BC9CEB8-8B4A-11D0-8D11-00A0C91BC942}") = "02", "02\02.vcxproj", "{BD133490-BBD8-4FF0-9465-6A63F3F945B3}"
EndProject
Project("{8BC9CEB8-8B4A-11D0-8D11-00A0C91BC942}") = "03", "03\03.vcxproj", "{DCC416EB-8473-4076-A70C-FEA0EF970168}"
EndProject
Project("{8BC9CEB8-8B4A-11D0-8D11-00A0C91BC942}") = "04", "04\04.vcxproj", "{21DCB225-31A8-4BDC-9340-7CA5A8B31D23}"
EndProject
Project("{8BC9CEB8-8B4A-11D0-8D11-00A0C91BC942}") = "05", "05\05.vcxproj", "{51EF0B2B-7FFB-44DA-A455-59CA9FA2830B}"
EndProject
Project("{8BC9CEB8-8B4A-11D0-8D11-00A0C91BC942}") = "06", "06\06.vcxproj", "{B8AA4A87-F680-40FE-8D13-F33335C5834A}"
EndProject
Project("{8BC9CEB8-8B4A-11D0-8D11-00A0C91BC942}") = "07", "07\07.vcxproj", "{52A74494-1ACE-4D70-93B5-73A2A7D55CB5}"
EndProject
Project("{8BC9CEB8-8B4A-11D0-8D11-00A0C91BC942}") = "08", "08\08.vcxproj", "{894C98FA-CD8F-45D6-AD7E-E26C0FFD5798}"
EndProject
Global
	GlobalSection(SolutionConfigurationPlatforms) = preSolution
		Debug|x64 = Debug|x64
		Debug|x86 = Debug|x86
		Release|x64 = Release|x64
		Release|x86 = Release|x86
	EndGlobalSection
	GlobalSection(ProjectConfigurationPlatforms) = postSolution
		{DE0E27C1-DCCE-41C3-B768-A44A83EFC7D4}.Debug|x64.ActiveCfg = Debug|x64
		{DE0E27C1-DCCE-41C3-B768-A44A83EFC7D4}.Debug|x64.Build.0 = Debug|x64
		{DE0E27C1-DCCE-41C3-B768-A44A83EFC7D4}.Debug|x86.ActiveCfg = Debug|Win32
		{DE0E27C1-DCCE-41C3-B768-A44A83EFC7D4}.Debug|x86.Build.0 = Debug|Win32
		{DE0E27C1-DCCE-41C3-B768-A44A83EFC7D4}.Release|x64.ActiveCfg = Release|x64
		{DE0E27C1-DCCE-41C3-B768-A44A83EFC7D4}.Release|x64.Build.0 = Release|x64
		{DE0E27C1-DCCE-41C3-B768-A44A83EFC7D4}.Release|x86.ActiveCfg = Release|Win32
		{DE0E27C1-DCCE-41C3-B768-A44A83EFC7D4}.Release|x86.Build.0 = Release|Win32
		{BD133490-BBD8-4FF0-9465-6A63F3F945B3}.Debug|x64.ActiveCfg = Debug|x64
		{BD133490-BBD8-4FF0-9465-6A63F3F945B3}.Debug|x64.Build.0 = Debug|x64
		{BD133490-BBD8-4FF0-9465-6A63F3F945B3}.Debug|x86.ActiveCfg = Debug|Win32
		{BD133490-BBD8-4FF0-9465-6A63F3F945B3}.Debug|x86.Build.0 = Debug|Win32
		{BD133490-BBD8-4FF0-9465-6A63F3F945B3}.Release|x64.ActiveCfg = Release|x64
		{BD133490-BBD8-4FF0-9465-6A63F3F945B3}.Release|x64.Build.0 = Release|x64
		{BD133490-BBD8-4FF0-9465-6A63F3F945B3}.Release|x86.ActiveCfg = Release|Win32
		{BD133490-BBD8-4FF0-9465-6A63F3F945B3}.Release|x86.Build.0 = Release|Win32
		{DCC416EB-8473-4076-A70C-FEA0EF970168}.Debug|x64.ActiveCfg = Debug|x64
		{DCC416EB-8473-4076-A70C-FEA0EF970168}.Debug|x64.Build.0 = Debug|x64
		{DCC416EB-8473-4076-A70C-FEA0EF970168}.Debug|x86.ActiveCfg = Debug|Win32
		{DCC416EB-8473-4076-A70C-FEA0EF970168}.Debug|x86.Build.0 = Debug|Win32
		{DCC416EB-8473-4076-A70C-FEA0EF970168}.Release|x64.ActiveCfg = Release|x64
		{DCC416EB-8473-4076-A70C-FEA0EF970168}.Release|x64.Build.0 = Release|x64
		{DCC416EB-8473-4076-A70C-FEA0EF970168}.Release|x86.ActiveCfg = Release|Win32
		{DCC416EB-8473-4076-A70C-FEA0EF970168}.Release|x86.Build.0 = Release|Win32
		{21DCB225-31A8-4BDC-9340-7CA5A8B31D23}.Debug|x64.ActiveCfg = Debug|x64
		{21DCB225-31A8-4BDC-9340-7CA5A8B31D23}.Debug|x64.Build.0 = Debug|x64
		{21DCB225-31A8-4BDC-9340-7CA5A8B31D23}.Debug|x86.ActiveCfg = Debug|Win32
		{21DCB225-31A8-4BDC-9340-7CA5A8B31D23}.Debug|x86.Build.0 = Debug|Win32
		{21DCB225-31A8-4BDC-9340-7CA5A8B31D23}.Release|x64.ActiveCfg = Release|x64
		{21DCB225-31A8-4BDC-9340-7CA5A8B31D23}.Release|x64.Build.0 = Release|x64
		{21DCB225-31A8-4BDC-9340-7CA5A8B31D23}.Release|x86.ActiveCfg = Release|Win32
		{21DCB225-31A8-4BDC-9340-7CA5A8B31D23}.Release|x86.Build.0 = Release|Win32
		{51EF0B2B-7FFB-44DA-A455-59CA9FA2830B}.Debug|x64.ActiveCfg = Debug|x64
		{51EF0B2B-7FFB-44DA-A455-59CA9FA2830B}.Debug|x64.Build.0 = Debug|x64
		{51EF0B2B-7FFB-44DA-A455-59CA9FA2830B}.Debug|x86.ActiveCfg = Debug|Win32
		{51EF0B2B-7FFB-44DA-A455-59CA9FA2830B}.Debug|x86.Build.0 = Debug|Win32
		{51EF0B2B-7FFB-44DA-A455-59CA9FA2830B}.Release|x64.ActiveCfg = Release|x64
		{51EF0B2B-7FFB-44DA-A455-59CA9FA2830B}.Release|x64.Build.0 = Release|x64
		{51EF0B2B-7FFB-44DA-A455-59CA9FA2830B}.Release|x86.ActiveCfg = Release|Win32
		{51EF0B2B-7FFB-44DA-A455-59CA9FA2830B}.Release|x86.Build.0 = Release|Win32
		{B8AA4A87-F680-40FE-8D13-F33335C5834A}.Debug|x64.ActiveCfg = Debug|x64
		{B8AA4A87-F680-40FE-8D13-F33335C5834A}.Debug|x64.Build.0 = Debug|x64
		{B8AA4A87-F680-40FE-8D13-F33335C5834A}.Debug|x86.ActiveCfg = Debug|Win32
		{B8AA4A87-F680-40FE-8D13-F33335C5834A}.Debug|x86.Build.0 = Debug|Win32
		{B8AA4A87-F680-40FE-8D13-F33335C5834A}.Release|x64.ActiveCfg = Release|x64
		{B8AA4A87-F680-40FE-8D13-F33335C5834A}.Release|x64.Build.0 = Release|x64
		{B8AA4A87-F680-40FE-8D13-F33335C5834A}.Release|x86.ActiveCfg = Release|Win32
		{B8AA4A87-F680-40FE-8D13-F33335C5834A}.Release|x86.Build.0 = Release|Win32
		{52A74494-1ACE-4D70-93B5-73A2A7D55CB5}.Debug|x64.ActiveCfg = Debug|x64
		{52A74494-1ACE-4D70-93B5-73A2A7D55CB5}.Debug|x64.Build.0 = Debug|x64
		{52A74494-1ACE-4D70-93B5-73A2A7D55CB5}.Debug|x86.ActiveCfg = Debug|Win32
		{52A74494-1ACE-4D70-93B5-73A2A7D55CB5}.Debug|x86.Build.0 = Debug|Win32
		{52A74494-1ACE-4D70-93B5-73A2A7D55CB5}.Release|x64.ActiveCfg = Release|x64
		{52A74494-1ACE-4D70-93B5-73A2A7D55CB5}.Release|x64.Build.0 = Release|x64
		{52A74494-1ACE-4D70-93B5-73A2A7D55CB5}.Release|x86.ActiveCfg = Release|Win32
		{52A74494-1ACE-4D70-93B5-73A2A7D55CB5}.Release|x86.Build.0 = Release|Win32
		{894C98FA-CD8F-45D6-AD7E-E26C0FFD5798}.Debug|x64.ActiveCfg = Debug|x64
		{894C98FA-CD8F-45D6-AD7E-E26C0FFD5798}.Debug|x64.Build.0 = Debug|x64
		{894C98FA-CD8F-45D6-AD7E-E26C0FFD5798}.Debug|x86.ActiveCfg = Debug|Win32
		{894C98FA-CD8F-45D6-AD7E-E26C0FFD5798}.Debug|x86.Build.0 = Debug|Win32
		{894C98FA-CD8F-45D6-AD7E-E26C0FFD5798}.Release|x64.ActiveCfg = Release|x64
		{894C98FA-CD8F-45D6-AD7E-E26C0FFD5798}.Release|x64.Build.0 = Release|x64
		{894C98FA-CD8F-45D6-AD7E-E26C0FFD5798}.Release|x86.ActiveCfg = Release|Win32
		{894C98FA-CD8F-45D6-AD7E-E26C0FFD5798}.Release|x86.Build.0 = Release|Win32
	EndGlobalSection
	GlobalSection(SolutionProperties) = preSolution
		HideSolutionNode = FALSE
	EndGlobalSection
	GlobalSection(ExtensibilityGlobals) = postSolution
		SolutionGuid = {AAB0F1E1-5C60-4E81-9363-F27A82CBF3C2}
	EndGlobalSection
EndGlobal
