
Microsoft Visual Studio Solution File, Format Version 12.00
# Visual Studio Version 16
VisualStudioVersion = 16.0.30611.23
MinimumVisualStudioVersion = 10.0.40219.1
Project("{8BC9CEB8-8B4A-11D0-8D11-00A0C91BC942}") = "07", "07\07.vcxproj", "{12F00179-CB60-41AC-B4A0-51EC9D1B0546}"
EndProject
Project("{8BC9CEB8-8B4A-11D0-8D11-00A0C91BC942}") = "08", "08\08.vcxproj", "{7758A3FB-DCE2-4CC2-9089-D4EB16DB5809}"
EndProject
Project("{8BC9CEB8-8B4A-11D0-8D11-00A0C91BC942}") = "09", "09\09.vcxproj", "{575D7AA4-E51F-459A-85E0-D4087CD3FCF0}"
EndProject
Project("{8BC9CEB8-8B4A-11D0-8D11-00A0C91BC942}") = "10", "10\10.vcxproj", "{0FFA44AA-D2DF-4497-9457-114863923651}"
EndProject
Project("{8BC9CEB8-8B4A-11D0-8D11-00A0C91BC942}") = "11", "11\11.vcxproj", "{88D9E3E4-94CC-4AA4-A83F-7B444309BC5D}"
EndProject
Project("{8BC9CEB8-8B4A-11D0-8D11-00A0C91BC942}") = "01", "01\01.vcxproj", "{4730D2BA-5BBE-4FB1-BB0E-BC2009875F47}"
EndProject
Project("{8BC9CEB8-8B4A-11D0-8D11-00A0C91BC942}") = "02", "02\02.vcxproj", "{EB4B0F4F-844D-4C27-903C-57737CC16BE0}"
EndProject
Project("{8BC9CEB8-8B4A-11D0-8D11-00A0C91BC942}") = "05", "05\05.vcxproj", "{3288B564-B6AA-44F9-B642-32BB35165B22}"
EndProject
Project("{8BC9CEB8-8B4A-11D0-8D11-00A0C91BC942}") = "06", "06\06.vcxproj", "{9581E258-137A-43BF-849D-102B7F5DA998}"
EndProject
Project("{8BC9CEB8-8B4A-11D0-8D11-00A0C91BC942}") = "03", "03\03.vcxproj", "{0FE5EC37-17AA-4E58-A20C-F105E688C82E}"
EndProject
Project("{8BC9CEB8-8B4A-11D0-8D11-00A0C91BC942}") = "04", "04\04.vcxproj", "{F8EBBA72-6150-48B5-B12E-5AF036522F26}"
EndProject
Project("{8BC9CEB8-8B4A-11D0-8D11-00A0C91BC942}") = "12", "12\12.vcxproj", "{92F1AAC6-11E8-4C35-B6AC-54C831087A7A}"
EndProject
Project("{8BC9CEB8-8B4A-11D0-8D11-00A0C91BC942}") = "13", "13\13.vcxproj", "{62808745-192F-4EF0-BD1E-88DD4E98C4C4}"
EndProject
Project("{8BC9CEB8-8B4A-11D0-8D11-00A0C91BC942}") = "14", "14\14.vcxproj", "{0CC7352B-5064-4256-A56F-5DE014604FDA}"
EndProject
Project("{8BC9CEB8-8B4A-11D0-8D11-00A0C91BC942}") = "15", "15\15.vcxproj", "{B64160F4-362C-4356-8E01-4B76ECBEB3FE}"
EndProject
Project("{8BC9CEB8-8B4A-11D0-8D11-00A0C91BC942}") = "16", "16\16.vcxproj", "{A49D7580-02C0-436F-86CE-ACFA3F5B17D2}"
EndProject
Project("{8BC9CEB8-8B4A-11D0-8D11-00A0C91BC942}") = "17", "17\17.vcxproj", "{E51F6B32-6E83-43D1-97AB-9FE87BE4F89A}"
EndProject
Project("{8BC9CEB8-8B4A-11D0-8D11-00A0C91BC942}") = "18", "18\18.vcxproj", "{2883FEEF-17C9-4BF6-8066-57BA9ED55EB4}"
EndProject
Project("{8BC9CEB8-8B4A-11D0-8D11-00A0C91BC942}") = "19", "19\19.vcxproj", "{9C2AEC8B-DBEA-4FCE-A4E5-9FF1C4A88813}"
EndProject
Project("{8BC9CEB8-8B4A-11D0-8D11-00A0C91BC942}") = "20", "20\20.vcxproj", "{5D362679-9106-4D62-9EF2-9F92A714E224}"
EndProject
Project("{8BC9CEB8-8B4A-11D0-8D11-00A0C91BC942}") = "21", "21\21.vcxproj", "{C3F72CBE-221B-4640-A8BE-D0FE0AEDF973}"
EndProject
Project("{8BC9CEB8-8B4A-11D0-8D11-00A0C91BC942}") = "22", "22\22.vcxproj", "{83E3E0E0-F3E9-4C92-B5E0-B962F148FE96}"
EndProject
Project("{8BC9CEB8-8B4A-11D0-8D11-00A0C91BC942}") = "lab", "lab\lab.vcxproj", "{64E6C76B-E59D-4B86-BFC9-6E8DA1698085}"
EndProject
Project("{8BC9CEB8-8B4A-11D0-8D11-00A0C91BC942}") = "lab01", "lab01\lab01.vcxproj", "{6D5425AD-D366-4246-B226-7E834C3713C0}"
EndProject
Project("{8BC9CEB8-8B4A-11D0-8D11-00A0C91BC942}") = "lab02", "lab02\lab02.vcxproj", "{FFF0436D-A6EB-4096-A1FC-74A642EC24BD}"
EndProject
Global
	GlobalSection(SolutionConfigurationPlatforms) = preSolution
		Debug|x64 = Debug|x64
		Debug|x86 = Debug|x86
		Release|x64 = Release|x64
		Release|x86 = Release|x86
	EndGlobalSection
	GlobalSection(ProjectConfigurationPlatforms) = postSolution
		{12F00179-CB60-41AC-B4A0-51EC9D1B0546}.Debug|x64.ActiveCfg = Debug|x64
		{12F00179-CB60-41AC-B4A0-51EC9D1B0546}.Debug|x64.Build.0 = Debug|x64
		{12F00179-CB60-41AC-B4A0-51EC9D1B0546}.Debug|x86.ActiveCfg = Debug|Win32
		{12F00179-CB60-41AC-B4A0-51EC9D1B0546}.Debug|x86.Build.0 = Debug|Win32
		{12F00179-CB60-41AC-B4A0-51EC9D1B0546}.Release|x64.ActiveCfg = Release|x64
		{12F00179-CB60-41AC-B4A0-51EC9D1B0546}.Release|x64.Build.0 = Release|x64
		{12F00179-CB60-41AC-B4A0-51EC9D1B0546}.Release|x86.ActiveCfg = Release|Win32
		{12F00179-CB60-41AC-B4A0-51EC9D1B0546}.Release|x86.Build.0 = Release|Win32
		{7758A3FB-DCE2-4CC2-9089-D4EB16DB5809}.Debug|x64.ActiveCfg = Debug|x64
		{7758A3FB-DCE2-4CC2-9089-D4EB16DB5809}.Debug|x64.Build.0 = Debug|x64
		{7758A3FB-DCE2-4CC2-9089-D4EB16DB5809}.Debug|x86.ActiveCfg = Debug|Win32
		{7758A3FB-DCE2-4CC2-9089-D4EB16DB5809}.Debug|x86.Build.0 = Debug|Win32
		{7758A3FB-DCE2-4CC2-9089-D4EB16DB5809}.Release|x64.ActiveCfg = Release|x64
		{7758A3FB-DCE2-4CC2-9089-D4EB16DB5809}.Release|x64.Build.0 = Release|x64
		{7758A3FB-DCE2-4CC2-9089-D4EB16DB5809}.Release|x86.ActiveCfg = Release|Win32
		{7758A3FB-DCE2-4CC2-9089-D4EB16DB5809}.Release|x86.Build.0 = Release|Win32
		{575D7AA4-E51F-459A-85E0-D4087CD3FCF0}.Debug|x64.ActiveCfg = Debug|x64
		{575D7AA4-E51F-459A-85E0-D4087CD3FCF0}.Debug|x64.Build.0 = Debug|x64
		{575D7AA4-E51F-459A-85E0-D4087CD3FCF0}.Debug|x86.ActiveCfg = Debug|Win32
		{575D7AA4-E51F-459A-85E0-D4087CD3FCF0}.Debug|x86.Build.0 = Debug|Win32
		{575D7AA4-E51F-459A-85E0-D4087CD3FCF0}.Release|x64.ActiveCfg = Release|x64
		{575D7AA4-E51F-459A-85E0-D4087CD3FCF0}.Release|x64.Build.0 = Release|x64
		{575D7AA4-E51F-459A-85E0-D4087CD3FCF0}.Release|x86.ActiveCfg = Release|Win32
		{575D7AA4-E51F-459A-85E0-D4087CD3FCF0}.Release|x86.Build.0 = Release|Win32
		{0FFA44AA-D2DF-4497-9457-114863923651}.Debug|x64.ActiveCfg = Debug|x64
		{0FFA44AA-D2DF-4497-9457-114863923651}.Debug|x64.Build.0 = Debug|x64
		{0FFA44AA-D2DF-4497-9457-114863923651}.Debug|x86.ActiveCfg = Debug|Win32
		{0FFA44AA-D2DF-4497-9457-114863923651}.Debug|x86.Build.0 = Debug|Win32
		{0FFA44AA-D2DF-4497-9457-114863923651}.Release|x64.ActiveCfg = Release|x64
		{0FFA44AA-D2DF-4497-9457-114863923651}.Release|x64.Build.0 = Release|x64
		{0FFA44AA-D2DF-4497-9457-114863923651}.Release|x86.ActiveCfg = Release|Win32
		{0FFA44AA-D2DF-4497-9457-114863923651}.Release|x86.Build.0 = Release|Win32
		{88D9E3E4-94CC-4AA4-A83F-7B444309BC5D}.Debug|x64.ActiveCfg = Debug|x64
		{88D9E3E4-94CC-4AA4-A83F-7B444309BC5D}.Debug|x64.Build.0 = Debug|x64
		{88D9E3E4-94CC-4AA4-A83F-7B444309BC5D}.Debug|x86.ActiveCfg = Debug|Win32
		{88D9E3E4-94CC-4AA4-A83F-7B444309BC5D}.Debug|x86.Build.0 = Debug|Win32
		{88D9E3E4-94CC-4AA4-A83F-7B444309BC5D}.Release|x64.ActiveCfg = Release|x64
		{88D9E3E4-94CC-4AA4-A83F-7B444309BC5D}.Release|x64.Build.0 = Release|x64
		{88D9E3E4-94CC-4AA4-A83F-7B444309BC5D}.Release|x86.ActiveCfg = Release|Win32
		{88D9E3E4-94CC-4AA4-A83F-7B444309BC5D}.Release|x86.Build.0 = Release|Win32
		{4730D2BA-5BBE-4FB1-BB0E-BC2009875F47}.Debug|x64.ActiveCfg = Debug|x64
		{4730D2BA-5BBE-4FB1-BB0E-BC2009875F47}.Debug|x64.Build.0 = Debug|x64
		{4730D2BA-5BBE-4FB1-BB0E-BC2009875F47}.Debug|x86.ActiveCfg = Debug|Win32
		{4730D2BA-5BBE-4FB1-BB0E-BC2009875F47}.Debug|x86.Build.0 = Debug|Win32
		{4730D2BA-5BBE-4FB1-BB0E-BC2009875F47}.Release|x64.ActiveCfg = Release|x64
		{4730D2BA-5BBE-4FB1-BB0E-BC2009875F47}.Release|x64.Build.0 = Release|x64
		{4730D2BA-5BBE-4FB1-BB0E-BC2009875F47}.Release|x86.ActiveCfg = Release|Win32
		{4730D2BA-5BBE-4FB1-BB0E-BC2009875F47}.Release|x86.Build.0 = Release|Win32
		{EB4B0F4F-844D-4C27-903C-57737CC16BE0}.Debug|x64.ActiveCfg = Debug|x64
		{EB4B0F4F-844D-4C27-903C-57737CC16BE0}.Debug|x64.Build.0 = Debug|x64
		{EB4B0F4F-844D-4C27-903C-57737CC16BE0}.Debug|x86.ActiveCfg = Debug|Win32
		{EB4B0F4F-844D-4C27-903C-57737CC16BE0}.Debug|x86.Build.0 = Debug|Win32
		{EB4B0F4F-844D-4C27-903C-57737CC16BE0}.Release|x64.ActiveCfg = Release|x64
		{EB4B0F4F-844D-4C27-903C-57737CC16BE0}.Release|x64.Build.0 = Release|x64
		{EB4B0F4F-844D-4C27-903C-57737CC16BE0}.Release|x86.ActiveCfg = Release|Win32
		{EB4B0F4F-844D-4C27-903C-57737CC16BE0}.Release|x86.Build.0 = Release|Win32
		{3288B564-B6AA-44F9-B642-32BB35165B22}.Debug|x64.ActiveCfg = Debug|x64
		{3288B564-B6AA-44F9-B642-32BB35165B22}.Debug|x64.Build.0 = Debug|x64
		{3288B564-B6AA-44F9-B642-32BB35165B22}.Debug|x86.ActiveCfg = Debug|Win32
		{3288B564-B6AA-44F9-B642-32BB35165B22}.Debug|x86.Build.0 = Debug|Win32
		{3288B564-B6AA-44F9-B642-32BB35165B22}.Release|x64.ActiveCfg = Release|x64
		{3288B564-B6AA-44F9-B642-32BB35165B22}.Release|x64.Build.0 = Release|x64
		{3288B564-B6AA-44F9-B642-32BB35165B22}.Release|x86.ActiveCfg = Release|Win32
		{3288B564-B6AA-44F9-B642-32BB35165B22}.Release|x86.Build.0 = Release|Win32
		{9581E258-137A-43BF-849D-102B7F5DA998}.Debug|x64.ActiveCfg = Debug|x64
		{9581E258-137A-43BF-849D-102B7F5DA998}.Debug|x64.Build.0 = Debug|x64
		{9581E258-137A-43BF-849D-102B7F5DA998}.Debug|x86.ActiveCfg = Debug|Win32
		{9581E258-137A-43BF-849D-102B7F5DA998}.Debug|x86.Build.0 = Debug|Win32
		{9581E258-137A-43BF-849D-102B7F5DA998}.Release|x64.ActiveCfg = Release|x64
		{9581E258-137A-43BF-849D-102B7F5DA998}.Release|x64.Build.0 = Release|x64
		{9581E258-137A-43BF-849D-102B7F5DA998}.Release|x86.ActiveCfg = Release|Win32
		{9581E258-137A-43BF-849D-102B7F5DA998}.Release|x86.Build.0 = Release|Win32
		{0FE5EC37-17AA-4E58-A20C-F105E688C82E}.Debug|x64.ActiveCfg = Debug|x64
		{0FE5EC37-17AA-4E58-A20C-F105E688C82E}.Debug|x64.Build.0 = Debug|x64
		{0FE5EC37-17AA-4E58-A20C-F105E688C82E}.Debug|x86.ActiveCfg = Debug|Win32
		{0FE5EC37-17AA-4E58-A20C-F105E688C82E}.Debug|x86.Build.0 = Debug|Win32
		{0FE5EC37-17AA-4E58-A20C-F105E688C82E}.Release|x64.ActiveCfg = Release|x64
		{0FE5EC37-17AA-4E58-A20C-F105E688C82E}.Release|x64.Build.0 = Release|x64
		{0FE5EC37-17AA-4E58-A20C-F105E688C82E}.Release|x86.ActiveCfg = Release|Win32
		{0FE5EC37-17AA-4E58-A20C-F105E688C82E}.Release|x86.Build.0 = Release|Win32
		{F8EBBA72-6150-48B5-B12E-5AF036522F26}.Debug|x64.ActiveCfg = Debug|x64
		{F8EBBA72-6150-48B5-B12E-5AF036522F26}.Debug|x64.Build.0 = Debug|x64
		{F8EBBA72-6150-48B5-B12E-5AF036522F26}.Debug|x86.ActiveCfg = Debug|Win32
		{F8EBBA72-6150-48B5-B12E-5AF036522F26}.Debug|x86.Build.0 = Debug|Win32
		{F8EBBA72-6150-48B5-B12E-5AF036522F26}.Release|x64.ActiveCfg = Release|x64
		{F8EBBA72-6150-48B5-B12E-5AF036522F26}.Release|x64.Build.0 = Release|x64
		{F8EBBA72-6150-48B5-B12E-5AF036522F26}.Release|x86.ActiveCfg = Release|Win32
		{F8EBBA72-6150-48B5-B12E-5AF036522F26}.Release|x86.Build.0 = Release|Win32
		{92F1AAC6-11E8-4C35-B6AC-54C831087A7A}.Debug|x64.ActiveCfg = Debug|x64
		{92F1AAC6-11E8-4C35-B6AC-54C831087A7A}.Debug|x64.Build.0 = Debug|x64
		{92F1AAC6-11E8-4C35-B6AC-54C831087A7A}.Debug|x86.ActiveCfg = Debug|Win32
		{92F1AAC6-11E8-4C35-B6AC-54C831087A7A}.Debug|x86.Build.0 = Debug|Win32
		{92F1AAC6-11E8-4C35-B6AC-54C831087A7A}.Release|x64.ActiveCfg = Release|x64
		{92F1AAC6-11E8-4C35-B6AC-54C831087A7A}.Release|x64.Build.0 = Release|x64
		{92F1AAC6-11E8-4C35-B6AC-54C831087A7A}.Release|x86.ActiveCfg = Release|Win32
		{92F1AAC6-11E8-4C35-B6AC-54C831087A7A}.Release|x86.Build.0 = Release|Win32
		{62808745-192F-4EF0-BD1E-88DD4E98C4C4}.Debug|x64.ActiveCfg = Debug|x64
		{62808745-192F-4EF0-BD1E-88DD4E98C4C4}.Debug|x64.Build.0 = Debug|x64
		{62808745-192F-4EF0-BD1E-88DD4E98C4C4}.Debug|x86.ActiveCfg = Debug|Win32
		{62808745-192F-4EF0-BD1E-88DD4E98C4C4}.Debug|x86.Build.0 = Debug|Win32
		{62808745-192F-4EF0-BD1E-88DD4E98C4C4}.Release|x64.ActiveCfg = Release|x64
		{62808745-192F-4EF0-BD1E-88DD4E98C4C4}.Release|x64.Build.0 = Release|x64
		{62808745-192F-4EF0-BD1E-88DD4E98C4C4}.Release|x86.ActiveCfg = Release|Win32
		{62808745-192F-4EF0-BD1E-88DD4E98C4C4}.Release|x86.Build.0 = Release|Win32
		{0CC7352B-5064-4256-A56F-5DE014604FDA}.Debug|x64.ActiveCfg = Debug|x64
		{0CC7352B-5064-4256-A56F-5DE014604FDA}.Debug|x64.Build.0 = Debug|x64
		{0CC7352B-5064-4256-A56F-5DE014604FDA}.Debug|x86.ActiveCfg = Debug|Win32
		{0CC7352B-5064-4256-A56F-5DE014604FDA}.Debug|x86.Build.0 = Debug|Win32
		{0CC7352B-5064-4256-A56F-5DE014604FDA}.Release|x64.ActiveCfg = Release|x64
		{0CC7352B-5064-4256-A56F-5DE014604FDA}.Release|x64.Build.0 = Release|x64
		{0CC7352B-5064-4256-A56F-5DE014604FDA}.Release|x86.ActiveCfg = Release|Win32
		{0CC7352B-5064-4256-A56F-5DE014604FDA}.Release|x86.Build.0 = Release|Win32
		{B64160F4-362C-4356-8E01-4B76ECBEB3FE}.Debug|x64.ActiveCfg = Debug|x64
		{B64160F4-362C-4356-8E01-4B76ECBEB3FE}.Debug|x64.Build.0 = Debug|x64
		{B64160F4-362C-4356-8E01-4B76ECBEB3FE}.Debug|x86.ActiveCfg = Debug|Win32
		{B64160F4-362C-4356-8E01-4B76ECBEB3FE}.Debug|x86.Build.0 = Debug|Win32
		{B64160F4-362C-4356-8E01-4B76ECBEB3FE}.Release|x64.ActiveCfg = Release|x64
		{B64160F4-362C-4356-8E01-4B76ECBEB3FE}.Release|x64.Build.0 = Release|x64
		{B64160F4-362C-4356-8E01-4B76ECBEB3FE}.Release|x86.ActiveCfg = Release|Win32
		{B64160F4-362C-4356-8E01-4B76ECBEB3FE}.Release|x86.Build.0 = Release|Win32
		{A49D7580-02C0-436F-86CE-ACFA3F5B17D2}.Debug|x64.ActiveCfg = Debug|x64
		{A49D7580-02C0-436F-86CE-ACFA3F5B17D2}.Debug|x64.Build.0 = Debug|x64
		{A49D7580-02C0-436F-86CE-ACFA3F5B17D2}.Debug|x86.ActiveCfg = Debug|Win32
		{A49D7580-02C0-436F-86CE-ACFA3F5B17D2}.Debug|x86.Build.0 = Debug|Win32
		{A49D7580-02C0-436F-86CE-ACFA3F5B17D2}.Release|x64.ActiveCfg = Release|x64
		{A49D7580-02C0-436F-86CE-ACFA3F5B17D2}.Release|x64.Build.0 = Release|x64
		{A49D7580-02C0-436F-86CE-ACFA3F5B17D2}.Release|x86.ActiveCfg = Release|Win32
		{A49D7580-02C0-436F-86CE-ACFA3F5B17D2}.Release|x86.Build.0 = Release|Win32
		{E51F6B32-6E83-43D1-97AB-9FE87BE4F89A}.Debug|x64.ActiveCfg = Debug|x64
		{E51F6B32-6E83-43D1-97AB-9FE87BE4F89A}.Debug|x64.Build.0 = Debug|x64
		{E51F6B32-6E83-43D1-97AB-9FE87BE4F89A}.Debug|x86.ActiveCfg = Debug|Win32
		{E51F6B32-6E83-43D1-97AB-9FE87BE4F89A}.Debug|x86.Build.0 = Debug|Win32
		{E51F6B32-6E83-43D1-97AB-9FE87BE4F89A}.Release|x64.ActiveCfg = Release|x64
		{E51F6B32-6E83-43D1-97AB-9FE87BE4F89A}.Release|x64.Build.0 = Release|x64
		{E51F6B32-6E83-43D1-97AB-9FE87BE4F89A}.Release|x86.ActiveCfg = Release|Win32
		{E51F6B32-6E83-43D1-97AB-9FE87BE4F89A}.Release|x86.Build.0 = Release|Win32
		{2883FEEF-17C9-4BF6-8066-57BA9ED55EB4}.Debug|x64.ActiveCfg = Debug|x64
		{2883FEEF-17C9-4BF6-8066-57BA9ED55EB4}.Debug|x64.Build.0 = Debug|x64
		{2883FEEF-17C9-4BF6-8066-57BA9ED55EB4}.Debug|x86.ActiveCfg = Debug|Win32
		{2883FEEF-17C9-4BF6-8066-57BA9ED55EB4}.Debug|x86.Build.0 = Debug|Win32
		{2883FEEF-17C9-4BF6-8066-57BA9ED55EB4}.Release|x64.ActiveCfg = Release|x64
		{2883FEEF-17C9-4BF6-8066-57BA9ED55EB4}.Release|x64.Build.0 = Release|x64
		{2883FEEF-17C9-4BF6-8066-57BA9ED55EB4}.Release|x86.ActiveCfg = Release|Win32
		{2883FEEF-17C9-4BF6-8066-57BA9ED55EB4}.Release|x86.Build.0 = Release|Win32
		{9C2AEC8B-DBEA-4FCE-A4E5-9FF1C4A88813}.Debug|x64.ActiveCfg = Debug|x64
		{9C2AEC8B-DBEA-4FCE-A4E5-9FF1C4A88813}.Debug|x64.Build.0 = Debug|x64
		{9C2AEC8B-DBEA-4FCE-A4E5-9FF1C4A88813}.Debug|x86.ActiveCfg = Debug|Win32
		{9C2AEC8B-DBEA-4FCE-A4E5-9FF1C4A88813}.Debug|x86.Build.0 = Debug|Win32
		{9C2AEC8B-DBEA-4FCE-A4E5-9FF1C4A88813}.Release|x64.ActiveCfg = Release|x64
		{9C2AEC8B-DBEA-4FCE-A4E5-9FF1C4A88813}.Release|x64.Build.0 = Release|x64
		{9C2AEC8B-DBEA-4FCE-A4E5-9FF1C4A88813}.Release|x86.ActiveCfg = Release|Win32
		{9C2AEC8B-DBEA-4FCE-A4E5-9FF1C4A88813}.Release|x86.Build.0 = Release|Win32
		{5D362679-9106-4D62-9EF2-9F92A714E224}.Debug|x64.ActiveCfg = Debug|x64
		{5D362679-9106-4D62-9EF2-9F92A714E224}.Debug|x64.Build.0 = Debug|x64
		{5D362679-9106-4D62-9EF2-9F92A714E224}.Debug|x86.ActiveCfg = Debug|Win32
		{5D362679-9106-4D62-9EF2-9F92A714E224}.Debug|x86.Build.0 = Debug|Win32
		{5D362679-9106-4D62-9EF2-9F92A714E224}.Release|x64.ActiveCfg = Release|x64
		{5D362679-9106-4D62-9EF2-9F92A714E224}.Release|x64.Build.0 = Release|x64
		{5D362679-9106-4D62-9EF2-9F92A714E224}.Release|x86.ActiveCfg = Release|Win32
		{5D362679-9106-4D62-9EF2-9F92A714E224}.Release|x86.Build.0 = Release|Win32
		{C3F72CBE-221B-4640-A8BE-D0FE0AEDF973}.Debug|x64.ActiveCfg = Debug|x64
		{C3F72CBE-221B-4640-A8BE-D0FE0AEDF973}.Debug|x64.Build.0 = Debug|x64
		{C3F72CBE-221B-4640-A8BE-D0FE0AEDF973}.Debug|x86.ActiveCfg = Debug|Win32
		{C3F72CBE-221B-4640-A8BE-D0FE0AEDF973}.Debug|x86.Build.0 = Debug|Win32
		{C3F72CBE-221B-4640-A8BE-D0FE0AEDF973}.Release|x64.ActiveCfg = Release|x64
		{C3F72CBE-221B-4640-A8BE-D0FE0AEDF973}.Release|x64.Build.0 = Release|x64
		{C3F72CBE-221B-4640-A8BE-D0FE0AEDF973}.Release|x86.ActiveCfg = Release|Win32
		{C3F72CBE-221B-4640-A8BE-D0FE0AEDF973}.Release|x86.Build.0 = Release|Win32
		{83E3E0E0-F3E9-4C92-B5E0-B962F148FE96}.Debug|x64.ActiveCfg = Debug|x64
		{83E3E0E0-F3E9-4C92-B5E0-B962F148FE96}.Debug|x64.Build.0 = Debug|x64
		{83E3E0E0-F3E9-4C92-B5E0-B962F148FE96}.Debug|x86.ActiveCfg = Debug|Win32
		{83E3E0E0-F3E9-4C92-B5E0-B962F148FE96}.Debug|x86.Build.0 = Debug|Win32
		{83E3E0E0-F3E9-4C92-B5E0-B962F148FE96}.Release|x64.ActiveCfg = Release|x64
		{83E3E0E0-F3E9-4C92-B5E0-B962F148FE96}.Release|x64.Build.0 = Release|x64
		{83E3E0E0-F3E9-4C92-B5E0-B962F148FE96}.Release|x86.ActiveCfg = Release|Win32
		{83E3E0E0-F3E9-4C92-B5E0-B962F148FE96}.Release|x86.Build.0 = Release|Win32
		{64E6C76B-E59D-4B86-BFC9-6E8DA1698085}.Debug|x64.ActiveCfg = Debug|x64
		{64E6C76B-E59D-4B86-BFC9-6E8DA1698085}.Debug|x64.Build.0 = Debug|x64
		{64E6C76B-E59D-4B86-BFC9-6E8DA1698085}.Debug|x86.ActiveCfg = Debug|Win32
		{64E6C76B-E59D-4B86-BFC9-6E8DA1698085}.Debug|x86.Build.0 = Debug|Win32
		{64E6C76B-E59D-4B86-BFC9-6E8DA1698085}.Release|x64.ActiveCfg = Release|x64
		{64E6C76B-E59D-4B86-BFC9-6E8DA1698085}.Release|x64.Build.0 = Release|x64
		{64E6C76B-E59D-4B86-BFC9-6E8DA1698085}.Release|x86.ActiveCfg = Release|Win32
		{64E6C76B-E59D-4B86-BFC9-6E8DA1698085}.Release|x86.Build.0 = Release|Win32
		{6D5425AD-D366-4246-B226-7E834C3713C0}.Debug|x64.ActiveCfg = Debug|x64
		{6D5425AD-D366-4246-B226-7E834C3713C0}.Debug|x64.Build.0 = Debug|x64
		{6D5425AD-D366-4246-B226-7E834C3713C0}.Debug|x86.ActiveCfg = Debug|Win32
		{6D5425AD-D366-4246-B226-7E834C3713C0}.Debug|x86.Build.0 = Debug|Win32
		{6D5425AD-D366-4246-B226-7E834C3713C0}.Release|x64.ActiveCfg = Release|x64
		{6D5425AD-D366-4246-B226-7E834C3713C0}.Release|x64.Build.0 = Release|x64
		{6D5425AD-D366-4246-B226-7E834C3713C0}.Release|x86.ActiveCfg = Release|Win32
		{6D5425AD-D366-4246-B226-7E834C3713C0}.Release|x86.Build.0 = Release|Win32
		{FFF0436D-A6EB-4096-A1FC-74A642EC24BD}.Debug|x64.ActiveCfg = Debug|x64
		{FFF0436D-A6EB-4096-A1FC-74A642EC24BD}.Debug|x64.Build.0 = Debug|x64
		{FFF0436D-A6EB-4096-A1FC-74A642EC24BD}.Debug|x86.ActiveCfg = Debug|Win32
		{FFF0436D-A6EB-4096-A1FC-74A642EC24BD}.Debug|x86.Build.0 = Debug|Win32
		{FFF0436D-A6EB-4096-A1FC-74A642EC24BD}.Release|x64.ActiveCfg = Release|x64
		{FFF0436D-A6EB-4096-A1FC-74A642EC24BD}.Release|x64.Build.0 = Release|x64
		{FFF0436D-A6EB-4096-A1FC-74A642EC24BD}.Release|x86.ActiveCfg = Release|Win32
		{FFF0436D-A6EB-4096-A1FC-74A642EC24BD}.Release|x86.Build.0 = Release|Win32
	EndGlobalSection
	GlobalSection(SolutionProperties) = preSolution
		HideSolutionNode = FALSE
	EndGlobalSection
	GlobalSection(ExtensibilityGlobals) = postSolution
		SolutionGuid = {E21A2D97-7FC7-4D1A-9765-A6BD6D90798E}
	EndGlobalSection
EndGlobal
