
Microsoft Visual Studio Solution File, Format Version 12.00
# Visual Studio Version 16
VisualStudioVersion = 16.0.30611.23
MinimumVisualStudioVersion = 10.0.40219.1
Project("{8BC9CEB8-8B4A-11D0-8D11-00A0C91BC942}") = "lab-01", "lab-01\lab-01.vcxproj", "{6F09A878-F915-4E2A-814B-F52A64868E61}"
EndProject
Project("{8BC9CEB8-8B4A-11D0-8D11-00A0C91BC942}") = "lab-02", "lab-02\lab-02.vcxproj", "{9C59E9BA-3E2C-483A-9164-7C9864187EAD}"
EndProject
Project("{8BC9CEB8-8B4A-11D0-8D11-00A0C91BC942}") = "lab-03", "lab-03\lab-03.vcxproj", "{175333BE-EB13-420F-A239-EF2B653C4504}"
EndProject
Project("{8BC9CEB8-8B4A-11D0-8D11-00A0C91BC942}") = "lab-04", "lab-04\lab-04.vcxproj", "{601BB868-B1DD-4A8D-96DF-0915BD70637C}"
EndProject
Project("{8BC9CEB8-8B4A-11D0-8D11-00A0C91BC942}") = "05", "05\05.vcxproj", "{AD2EFB54-08D6-43F2-BD00-3F4D09DCE2EC}"
EndProject
Project("{8BC9CEB8-8B4A-11D0-8D11-00A0C91BC942}") = "06", "06\06.vcxproj", "{6197D856-F65E-49B3-BBEC-856C07B9E55B}"
EndProject
Project("{8BC9CEB8-8B4A-11D0-8D11-00A0C91BC942}") = "07", "07\07.vcxproj", "{617328BE-2F58-4316-88E7-557B15073FF8}"
EndProject
Project("{8BC9CEB8-8B4A-11D0-8D11-00A0C91BC942}") = "08", "08\08.vcxproj", "{40A58D36-B22F-4E57-979D-2421B7C3E1B7}"
EndProject
Project("{8BC9CEB8-8B4A-11D0-8D11-00A0C91BC942}") = "09", "09\09.vcxproj", "{FA34A747-615B-4C30-9278-8F29D1DD3BD4}"
EndProject
Project("{8BC9CEB8-8B4A-11D0-8D11-00A0C91BC942}") = "10", "10\10.vcxproj", "{A7B37FC7-ED1D-48D5-B790-F8721F56A2B0}"
EndProject
Project("{8BC9CEB8-8B4A-11D0-8D11-00A0C91BC942}") = "11", "11\11.vcxproj", "{49020637-41CA-490B-AEFA-6A33CB1BE85B}"
EndProject
Project("{8BC9CEB8-8B4A-11D0-8D11-00A0C91BC942}") = "12", "12\12.vcxproj", "{C109A82F-B768-4EE6-B3B3-5D1FC3A73750}"
EndProject
Project("{8BC9CEB8-8B4A-11D0-8D11-00A0C91BC942}") = "13", "13\13.vcxproj", "{0DCB24D2-C931-45EB-98E3-F8F7827E8CF6}"
EndProject
Global
	GlobalSection(SolutionConfigurationPlatforms) = preSolution
		Debug|x64 = Debug|x64
		Debug|x86 = Debug|x86
		Release|x64 = Release|x64
		Release|x86 = Release|x86
	EndGlobalSection
	GlobalSection(ProjectConfigurationPlatforms) = postSolution
		{6F09A878-F915-4E2A-814B-F52A64868E61}.Debug|x64.ActiveCfg = Debug|x64
		{6F09A878-F915-4E2A-814B-F52A64868E61}.Debug|x64.Build.0 = Debug|x64
		{6F09A878-F915-4E2A-814B-F52A64868E61}.Debug|x86.ActiveCfg = Debug|Win32
		{6F09A878-F915-4E2A-814B-F52A64868E61}.Debug|x86.Build.0 = Debug|Win32
		{6F09A878-F915-4E2A-814B-F52A64868E61}.Release|x64.ActiveCfg = Release|x64
		{6F09A878-F915-4E2A-814B-F52A64868E61}.Release|x64.Build.0 = Release|x64
		{6F09A878-F915-4E2A-814B-F52A64868E61}.Release|x86.ActiveCfg = Release|Win32
		{6F09A878-F915-4E2A-814B-F52A64868E61}.Release|x86.Build.0 = Release|Win32
		{9C59E9BA-3E2C-483A-9164-7C9864187EAD}.Debug|x64.ActiveCfg = Debug|x64
		{9C59E9BA-3E2C-483A-9164-7C9864187EAD}.Debug|x64.Build.0 = Debug|x64
		{9C59E9BA-3E2C-483A-9164-7C9864187EAD}.Debug|x86.ActiveCfg = Debug|Win32
		{9C59E9BA-3E2C-483A-9164-7C9864187EAD}.Debug|x86.Build.0 = Debug|Win32
		{9C59E9BA-3E2C-483A-9164-7C9864187EAD}.Release|x64.ActiveCfg = Release|x64
		{9C59E9BA-3E2C-483A-9164-7C9864187EAD}.Release|x64.Build.0 = Release|x64
		{9C59E9BA-3E2C-483A-9164-7C9864187EAD}.Release|x86.ActiveCfg = Release|Win32
		{9C59E9BA-3E2C-483A-9164-7C9864187EAD}.Release|x86.Build.0 = Release|Win32
		{175333BE-EB13-420F-A239-EF2B653C4504}.Debug|x64.ActiveCfg = Debug|x64
		{175333BE-EB13-420F-A239-EF2B653C4504}.Debug|x64.Build.0 = Debug|x64
		{175333BE-EB13-420F-A239-EF2B653C4504}.Debug|x86.ActiveCfg = Debug|Win32
		{175333BE-EB13-420F-A239-EF2B653C4504}.Debug|x86.Build.0 = Debug|Win32
		{175333BE-EB13-420F-A239-EF2B653C4504}.Release|x64.ActiveCfg = Release|x64
		{175333BE-EB13-420F-A239-EF2B653C4504}.Release|x64.Build.0 = Release|x64
		{175333BE-EB13-420F-A239-EF2B653C4504}.Release|x86.ActiveCfg = Release|Win32
		{175333BE-EB13-420F-A239-EF2B653C4504}.Release|x86.Build.0 = Release|Win32
		{601BB868-B1DD-4A8D-96DF-0915BD70637C}.Debug|x64.ActiveCfg = Debug|x64
		{601BB868-B1DD-4A8D-96DF-0915BD70637C}.Debug|x64.Build.0 = Debug|x64
		{601BB868-B1DD-4A8D-96DF-0915BD70637C}.Debug|x86.ActiveCfg = Debug|Win32
		{601BB868-B1DD-4A8D-96DF-0915BD70637C}.Debug|x86.Build.0 = Debug|Win32
		{601BB868-B1DD-4A8D-96DF-0915BD70637C}.Release|x64.ActiveCfg = Release|x64
		{601BB868-B1DD-4A8D-96DF-0915BD70637C}.Release|x64.Build.0 = Release|x64
		{601BB868-B1DD-4A8D-96DF-0915BD70637C}.Release|x86.ActiveCfg = Release|Win32
		{601BB868-B1DD-4A8D-96DF-0915BD70637C}.Release|x86.Build.0 = Release|Win32
		{AD2EFB54-08D6-43F2-BD00-3F4D09DCE2EC}.Debug|x64.ActiveCfg = Debug|x64
		{AD2EFB54-08D6-43F2-BD00-3F4D09DCE2EC}.Debug|x64.Build.0 = Debug|x64
		{AD2EFB54-08D6-43F2-BD00-3F4D09DCE2EC}.Debug|x86.ActiveCfg = Debug|Win32
		{AD2EFB54-08D6-43F2-BD00-3F4D09DCE2EC}.Debug|x86.Build.0 = Debug|Win32
		{AD2EFB54-08D6-43F2-BD00-3F4D09DCE2EC}.Release|x64.ActiveCfg = Release|x64
		{AD2EFB54-08D6-43F2-BD00-3F4D09DCE2EC}.Release|x64.Build.0 = Release|x64
		{AD2EFB54-08D6-43F2-BD00-3F4D09DCE2EC}.Release|x86.ActiveCfg = Release|Win32
		{AD2EFB54-08D6-43F2-BD00-3F4D09DCE2EC}.Release|x86.Build.0 = Release|Win32
		{6197D856-F65E-49B3-BBEC-856C07B9E55B}.Debug|x64.ActiveCfg = Debug|x64
		{6197D856-F65E-49B3-BBEC-856C07B9E55B}.Debug|x64.Build.0 = Debug|x64
		{6197D856-F65E-49B3-BBEC-856C07B9E55B}.Debug|x86.ActiveCfg = Debug|Win32
		{6197D856-F65E-49B3-BBEC-856C07B9E55B}.Debug|x86.Build.0 = Debug|Win32
		{6197D856-F65E-49B3-BBEC-856C07B9E55B}.Release|x64.ActiveCfg = Release|x64
		{6197D856-F65E-49B3-BBEC-856C07B9E55B}.Release|x64.Build.0 = Release|x64
		{6197D856-F65E-49B3-BBEC-856C07B9E55B}.Release|x86.ActiveCfg = Release|Win32
		{6197D856-F65E-49B3-BBEC-856C07B9E55B}.Release|x86.Build.0 = Release|Win32
		{617328BE-2F58-4316-88E7-557B15073FF8}.Debug|x64.ActiveCfg = Debug|x64
		{617328BE-2F58-4316-88E7-557B15073FF8}.Debug|x64.Build.0 = Debug|x64
		{617328BE-2F58-4316-88E7-557B15073FF8}.Debug|x86.ActiveCfg = Debug|Win32
		{617328BE-2F58-4316-88E7-557B15073FF8}.Debug|x86.Build.0 = Debug|Win32
		{617328BE-2F58-4316-88E7-557B15073FF8}.Release|x64.ActiveCfg = Release|x64
		{617328BE-2F58-4316-88E7-557B15073FF8}.Release|x64.Build.0 = Release|x64
		{617328BE-2F58-4316-88E7-557B15073FF8}.Release|x86.ActiveCfg = Release|Win32
		{617328BE-2F58-4316-88E7-557B15073FF8}.Release|x86.Build.0 = Release|Win32
		{40A58D36-B22F-4E57-979D-2421B7C3E1B7}.Debug|x64.ActiveCfg = Debug|x64
		{40A58D36-B22F-4E57-979D-2421B7C3E1B7}.Debug|x64.Build.0 = Debug|x64
		{40A58D36-B22F-4E57-979D-2421B7C3E1B7}.Debug|x86.ActiveCfg = Debug|Win32
		{40A58D36-B22F-4E57-979D-2421B7C3E1B7}.Debug|x86.Build.0 = Debug|Win32
		{40A58D36-B22F-4E57-979D-2421B7C3E1B7}.Release|x64.ActiveCfg = Release|x64
		{40A58D36-B22F-4E57-979D-2421B7C3E1B7}.Release|x64.Build.0 = Release|x64
		{40A58D36-B22F-4E57-979D-2421B7C3E1B7}.Release|x86.ActiveCfg = Release|Win32
		{40A58D36-B22F-4E57-979D-2421B7C3E1B7}.Release|x86.Build.0 = Release|Win32
		{FA34A747-615B-4C30-9278-8F29D1DD3BD4}.Debug|x64.ActiveCfg = Debug|x64
		{FA34A747-615B-4C30-9278-8F29D1DD3BD4}.Debug|x64.Build.0 = Debug|x64
		{FA34A747-615B-4C30-9278-8F29D1DD3BD4}.Debug|x86.ActiveCfg = Debug|Win32
		{FA34A747-615B-4C30-9278-8F29D1DD3BD4}.Debug|x86.Build.0 = Debug|Win32
		{FA34A747-615B-4C30-9278-8F29D1DD3BD4}.Release|x64.ActiveCfg = Release|x64
		{FA34A747-615B-4C30-9278-8F29D1DD3BD4}.Release|x64.Build.0 = Release|x64
		{FA34A747-615B-4C30-9278-8F29D1DD3BD4}.Release|x86.ActiveCfg = Release|Win32
		{FA34A747-615B-4C30-9278-8F29D1DD3BD4}.Release|x86.Build.0 = Release|Win32
		{A7B37FC7-ED1D-48D5-B790-F8721F56A2B0}.Debug|x64.ActiveCfg = Debug|x64
		{A7B37FC7-ED1D-48D5-B790-F8721F56A2B0}.Debug|x64.Build.0 = Debug|x64
		{A7B37FC7-ED1D-48D5-B790-F8721F56A2B0}.Debug|x86.ActiveCfg = Debug|Win32
		{A7B37FC7-ED1D-48D5-B790-F8721F56A2B0}.Debug|x86.Build.0 = Debug|Win32
		{A7B37FC7-ED1D-48D5-B790-F8721F56A2B0}.Release|x64.ActiveCfg = Release|x64
		{A7B37FC7-ED1D-48D5-B790-F8721F56A2B0}.Release|x64.Build.0 = Release|x64
		{A7B37FC7-ED1D-48D5-B790-F8721F56A2B0}.Release|x86.ActiveCfg = Release|Win32
		{A7B37FC7-ED1D-48D5-B790-F8721F56A2B0}.Release|x86.Build.0 = Release|Win32
		{49020637-41CA-490B-AEFA-6A33CB1BE85B}.Debug|x64.ActiveCfg = Debug|x64
		{49020637-41CA-490B-AEFA-6A33CB1BE85B}.Debug|x64.Build.0 = Debug|x64
		{49020637-41CA-490B-AEFA-6A33CB1BE85B}.Debug|x86.ActiveCfg = Debug|Win32
		{49020637-41CA-490B-AEFA-6A33CB1BE85B}.Debug|x86.Build.0 = Debug|Win32
		{49020637-41CA-490B-AEFA-6A33CB1BE85B}.Release|x64.ActiveCfg = Release|x64
		{49020637-41CA-490B-AEFA-6A33CB1BE85B}.Release|x64.Build.0 = Release|x64
		{49020637-41CA-490B-AEFA-6A33CB1BE85B}.Release|x86.ActiveCfg = Release|Win32
		{49020637-41CA-490B-AEFA-6A33CB1BE85B}.Release|x86.Build.0 = Release|Win32
		{C109A82F-B768-4EE6-B3B3-5D1FC3A73750}.Debug|x64.ActiveCfg = Debug|x64
		{C109A82F-B768-4EE6-B3B3-5D1FC3A73750}.Debug|x64.Build.0 = Debug|x64
		{C109A82F-B768-4EE6-B3B3-5D1FC3A73750}.Debug|x86.ActiveCfg = Debug|Win32
		{C109A82F-B768-4EE6-B3B3-5D1FC3A73750}.Debug|x86.Build.0 = Debug|Win32
		{C109A82F-B768-4EE6-B3B3-5D1FC3A73750}.Release|x64.ActiveCfg = Release|x64
		{C109A82F-B768-4EE6-B3B3-5D1FC3A73750}.Release|x64.Build.0 = Release|x64
		{C109A82F-B768-4EE6-B3B3-5D1FC3A73750}.Release|x86.ActiveCfg = Release|Win32
		{C109A82F-B768-4EE6-B3B3-5D1FC3A73750}.Release|x86.Build.0 = Release|Win32
		{0DCB24D2-C931-45EB-98E3-F8F7827E8CF6}.Debug|x64.ActiveCfg = Debug|x64
		{0DCB24D2-C931-45EB-98E3-F8F7827E8CF6}.Debug|x64.Build.0 = Debug|x64
		{0DCB24D2-C931-45EB-98E3-F8F7827E8CF6}.Debug|x86.ActiveCfg = Debug|Win32
		{0DCB24D2-C931-45EB-98E3-F8F7827E8CF6}.Debug|x86.Build.0 = Debug|Win32
		{0DCB24D2-C931-45EB-98E3-F8F7827E8CF6}.Release|x64.ActiveCfg = Release|x64
		{0DCB24D2-C931-45EB-98E3-F8F7827E8CF6}.Release|x64.Build.0 = Release|x64
		{0DCB24D2-C931-45EB-98E3-F8F7827E8CF6}.Release|x86.ActiveCfg = Release|Win32
		{0DCB24D2-C931-45EB-98E3-F8F7827E8CF6}.Release|x86.Build.0 = Release|Win32
	EndGlobalSection
	GlobalSection(SolutionProperties) = preSolution
		HideSolutionNode = FALSE
	EndGlobalSection
	GlobalSection(ExtensibilityGlobals) = postSolution
		SolutionGuid = {5E5CF21C-5185-467D-A2E1-F1894A54EEED}
	EndGlobalSection
EndGlobal
